
Microsoft Visual Studio Solution File, Format Version 12.00
# Visual Studio 15
VisualStudioVersion = 15.0.27703.2042
MinimumVisualStudioVersion = 10.0.40219.1
Project("{FAE04EC0-301F-11D3-BF4B-00C04F79EFBC}") = "Ansa.Rewrite", "src\Ansa.Rewrite.csproj", "{81F0EB2B-62D9-4CFA-B27E-77E2F5BE77B9}"
EndProject
Global
	GlobalSection(SolutionConfigurationPlatforms) = preSolution
		Debug|Any CPU = Debug|Any CPU
		Release|Any CPU = Release|Any CPU
	EndGlobalSection
	GlobalSection(ProjectConfigurationPlatforms) = postSolution
		{81F0EB2B-62D9-4CFA-B27E-77E2F5BE77B9}.Debug|Any CPU.ActiveCfg = Debug|Any CPU
		{81F0EB2B-62D9-4CFA-B27E-77E2F5BE77B9}.Debug|Any CPU.Build.0 = Debug|Any CPU
		{81F0EB2B-62D9-4CFA-B27E-77E2F5BE77B9}.Release|Any CPU.ActiveCfg = Release|Any CPU
		{81F0EB2B-62D9-4CFA-B27E-77E2F5BE77B9}.Release|Any CPU.Build.0 = Release|Any CPU
	EndGlobalSection
	GlobalSection(SolutionProperties) = preSolution
		HideSolutionNode = FALSE
	EndGlobalSection
	GlobalSection(ExtensibilityGlobals) = postSolution
		SolutionGuid = {4A11E0CE-DAAA-40B0-94ED-D0B5B7DEC109}
	EndGlobalSection
EndGlobal
